
Microsoft Visual Studio Solution File, Format Version 12.00
# Visual Studio Version 17
VisualStudioVersion = 17.7.34031.279
MinimumVisualStudioVersion = 10.0.40219.1
Project("{FAE04EC0-301F-11D3-BF4B-00C04F79EFBC}") = "TacoCatMVC", "TacoCatMVC\TacoCatMVC.csproj", "{78423B96-D3F8-43F1-963E-4FC423EAD3DB}"
EndProject
Global
	GlobalSection(SolutionConfigurationPlatforms) = preSolution
		Debug|Any CPU = Debug|Any CPU
		Release|Any CPU = Release|Any CPU
	EndGlobalSection
	GlobalSection(ProjectConfigurationPlatforms) = postSolution
		{78423B96-D3F8-43F1-963E-4FC423EAD3DB}.Debug|Any CPU.ActiveCfg = Debug|Any CPU
		{78423B96-D3F8-43F1-963E-4FC423EAD3DB}.Debug|Any CPU.Build.0 = Debug|Any CPU
		{78423B96-D3F8-43F1-963E-4FC423EAD3DB}.Release|Any CPU.ActiveCfg = Release|Any CPU
		{78423B96-D3F8-43F1-963E-4FC423EAD3DB}.Release|Any CPU.Build.0 = Release|Any CPU
	EndGlobalSection
	GlobalSection(SolutionProperties) = preSolution
		HideSolutionNode = FALSE
	EndGlobalSection
	GlobalSection(ExtensibilityGlobals) = postSolution
		SolutionGuid = {8BDC5F1D-E3E8-45F6-AF21-28563D777921}
	EndGlobalSection
EndGlobal
